
Microsoft Visual Studio Solution File, Format Version 12.00
# Visual Studio Version 17
VisualStudioVersion = 17.14.36623.8
MinimumVisualStudioVersion = 10.0.40219.1
Project("{FAE04EC0-301F-11D3-BF4B-00C04F79EFBC}") = "FreshMarket.Domain", "FreshMarket.Domain\FreshMarket.Domain.csproj", "{A36F6037-BEEF-4125-8B33-512EB7F78ED1}"
EndProject
Project("{FAE04EC0-301F-11D3-BF4B-00C04F79EFBC}") = "FreshMarket.Infrastructure", "FreshMarket.Infrastructure\FreshMarket.Infrastructure.csproj", "{5359CC9E-BF0A-4B1B-AFFE-8C7681822FB1}"
EndProject
Project("{FAE04EC0-301F-11D3-BF4B-00C04F79EFBC}") = "FreshMarket.Shared", "FreshMarket.Shared\FreshMarket.Shared.csproj", "{A625883B-DCC6-48A0-8E95-BDF426163598}"
EndProject
Global
	GlobalSection(SolutionConfigurationPlatforms) = preSolution
		Debug|Any CPU = Debug|Any CPU
		Release|Any CPU = Release|Any CPU
	EndGlobalSection
	GlobalSection(ProjectConfigurationPlatforms) = postSolution
		{A36F6037-BEEF-4125-8B33-512EB7F78ED1}.Debug|Any CPU.ActiveCfg = Debug|Any CPU
		{A36F6037-BEEF-4125-8B33-512EB7F78ED1}.Debug|Any CPU.Build.0 = Debug|Any CPU
		{A36F6037-BEEF-4125-8B33-512EB7F78ED1}.Release|Any CPU.ActiveCfg = Release|Any CPU
		{A36F6037-BEEF-4125-8B33-512EB7F78ED1}.Release|Any CPU.Build.0 = Release|Any CPU
		{5359CC9E-BF0A-4B1B-AFFE-8C7681822FB1}.Debug|Any CPU.ActiveCfg = Debug|Any CPU
		{5359CC9E-BF0A-4B1B-AFFE-8C7681822FB1}.Debug|Any CPU.Build.0 = Debug|Any CPU
		{5359CC9E-BF0A-4B1B-AFFE-8C7681822FB1}.Release|Any CPU.ActiveCfg = Release|Any CPU
		{5359CC9E-BF0A-4B1B-AFFE-8C7681822FB1}.Release|Any CPU.Build.0 = Release|Any CPU
		{A625883B-DCC6-48A0-8E95-BDF426163598}.Debug|Any CPU.ActiveCfg = Debug|Any CPU
		{A625883B-DCC6-48A0-8E95-BDF426163598}.Debug|Any CPU.Build.0 = Debug|Any CPU
		{A625883B-DCC6-48A0-8E95-BDF426163598}.Release|Any CPU.ActiveCfg = Release|Any CPU
		{A625883B-DCC6-48A0-8E95-BDF426163598}.Release|Any CPU.Build.0 = Release|Any CPU
	EndGlobalSection
	GlobalSection(SolutionProperties) = preSolution
		HideSolutionNode = FALSE
	EndGlobalSection
	GlobalSection(ExtensibilityGlobals) = postSolution
		SolutionGuid = {8D3FAE4E-24AA-470F-B6C4-6E6C6B3A3F14}
	EndGlobalSection
EndGlobal
